
Microsoft Visual Studio Solution File, Format Version 12.00
# Visual Studio Version 17
VisualStudioVersion = 17.5.33424.131
MinimumVisualStudioVersion = 10.0.40219.1
Project("{FAE04EC0-301F-11D3-BF4B-00C04F79EFBC}") = "ParallelProgramming", "ParallelProgramming\ParallelProgramming.csproj", "{22377028-6719-4313-A0D2-48E013433F8E}"
EndProject
Global
	GlobalSection(SolutionConfigurationPlatforms) = preSolution
		Debug|Any CPU = Debug|Any CPU
		Release|Any CPU = Release|Any CPU
	EndGlobalSection
	GlobalSection(ProjectConfigurationPlatforms) = postSolution
		{22377028-6719-4313-A0D2-48E013433F8E}.Debug|Any CPU.ActiveCfg = Debug|Any CPU
		{22377028-6719-4313-A0D2-48E013433F8E}.Debug|Any CPU.Build.0 = Debug|Any CPU
		{22377028-6719-4313-A0D2-48E013433F8E}.Release|Any CPU.ActiveCfg = Release|Any CPU
		{22377028-6719-4313-A0D2-48E013433F8E}.Release|Any CPU.Build.0 = Release|Any CPU
	EndGlobalSection
	GlobalSection(SolutionProperties) = preSolution
		HideSolutionNode = FALSE
	EndGlobalSection
	GlobalSection(ExtensibilityGlobals) = postSolution
		SolutionGuid = {3DB7CE8B-E6C9-40B2-9AC6-6FFBC91EA2FD}
	EndGlobalSection
EndGlobal
